
Microsoft Visual Studio Solution File, Format Version 12.00
# Visual Studio Version 17
VisualStudioVersion = 17.0.31903.59
MinimumVisualStudioVersion = 10.0.40219.1
Project("{9A19103F-16F7-4668-BE54-9A1E7A4F7556}") = "BlazorPresent.Server", "BlazorPresent\Server\BlazorPresent.Server.csproj", "{728A1F1B-C922-4D99-B1B4-CE61E678555B}"
EndProject
Project("{9A19103F-16F7-4668-BE54-9A1E7A4F7556}") = "BlazorPresent.Client", "BlazorPresent\Client\BlazorPresent.Client.csproj", "{0A6689AB-204F-4D6E-9DE6-86A250B40399}"
EndProject
Project("{9A19103F-16F7-4668-BE54-9A1E7A4F7556}") = "BlazorPresent.Shared", "BlazorPresent\Shared\BlazorPresent.Shared.csproj", "{04CDA179-313B-46C5-B601-1F6E6899C955}"
EndProject
Global
	GlobalSection(SolutionConfigurationPlatforms) = preSolution
		Debug|Any CPU = Debug|Any CPU
		Release|Any CPU = Release|Any CPU
	EndGlobalSection
	GlobalSection(ProjectConfigurationPlatforms) = postSolution
		{728A1F1B-C922-4D99-B1B4-CE61E678555B}.Debug|Any CPU.ActiveCfg = Debug|Any CPU
		{728A1F1B-C922-4D99-B1B4-CE61E678555B}.Debug|Any CPU.Build.0 = Debug|Any CPU
		{728A1F1B-C922-4D99-B1B4-CE61E678555B}.Release|Any CPU.ActiveCfg = Release|Any CPU
		{728A1F1B-C922-4D99-B1B4-CE61E678555B}.Release|Any CPU.Build.0 = Release|Any CPU
		{0A6689AB-204F-4D6E-9DE6-86A250B40399}.Debug|Any CPU.ActiveCfg = Debug|Any CPU
		{0A6689AB-204F-4D6E-9DE6-86A250B40399}.Debug|Any CPU.Build.0 = Debug|Any CPU
		{0A6689AB-204F-4D6E-9DE6-86A250B40399}.Release|Any CPU.ActiveCfg = Release|Any CPU
		{0A6689AB-204F-4D6E-9DE6-86A250B40399}.Release|Any CPU.Build.0 = Release|Any CPU
		{04CDA179-313B-46C5-B601-1F6E6899C955}.Debug|Any CPU.ActiveCfg = Debug|Any CPU
		{04CDA179-313B-46C5-B601-1F6E6899C955}.Debug|Any CPU.Build.0 = Debug|Any CPU
		{04CDA179-313B-46C5-B601-1F6E6899C955}.Release|Any CPU.ActiveCfg = Release|Any CPU
		{04CDA179-313B-46C5-B601-1F6E6899C955}.Release|Any CPU.Build.0 = Release|Any CPU
	EndGlobalSection
	GlobalSection(SolutionProperties) = preSolution
		HideSolutionNode = FALSE
	EndGlobalSection
	GlobalSection(ExtensibilityGlobals) = postSolution
		SolutionGuid = {E3DC03C5-D873-4E98-9B5B-3177FFBFA9D3}
	EndGlobalSection
EndGlobal
